
Microsoft Visual Studio Solution File, Format Version 12.00
# Visual Studio Version 17
VisualStudioVersion = 17.0.32112.339
MinimumVisualStudioVersion = 10.0.40219.1
Project("{9A19103F-16F7-4668-BE54-9A1E7A4F7556}") = "TFCApplication", "TFCApplication.csproj", "{0713076C-21D7-4F6A-A570-AB77A0B0DE2F}"
EndProject
Project("{9A19103F-16F7-4668-BE54-9A1E7A4F7556}") = "Server", "..\Server\Server.csproj", "{1BB0B50C-696D-4CDC-9A8C-A6981E1B3150}"
EndProject
Project("{9A19103F-16F7-4668-BE54-9A1E7A4F7556}") = "MobileTest", "..\MobileTest\MobileTest.csproj", "{BAA8D870-2F74-40E3-A4F3-6BE445285892}"
EndProject
Global
	GlobalSection(SolutionConfigurationPlatforms) = preSolution
		Debug|Any CPU = Debug|Any CPU
		Release|Any CPU = Release|Any CPU
	EndGlobalSection
	GlobalSection(ProjectConfigurationPlatforms) = postSolution
		{0713076C-21D7-4F6A-A570-AB77A0B0DE2F}.Debug|Any CPU.ActiveCfg = Debug|Any CPU
		{0713076C-21D7-4F6A-A570-AB77A0B0DE2F}.Debug|Any CPU.Build.0 = Debug|Any CPU
		{0713076C-21D7-4F6A-A570-AB77A0B0DE2F}.Release|Any CPU.ActiveCfg = Release|Any CPU
		{0713076C-21D7-4F6A-A570-AB77A0B0DE2F}.Release|Any CPU.Build.0 = Release|Any CPU
		{1BB0B50C-696D-4CDC-9A8C-A6981E1B3150}.Debug|Any CPU.ActiveCfg = Debug|Any CPU
		{1BB0B50C-696D-4CDC-9A8C-A6981E1B3150}.Debug|Any CPU.Build.0 = Debug|Any CPU
		{1BB0B50C-696D-4CDC-9A8C-A6981E1B3150}.Release|Any CPU.ActiveCfg = Release|Any CPU
		{1BB0B50C-696D-4CDC-9A8C-A6981E1B3150}.Release|Any CPU.Build.0 = Release|Any CPU
		{BAA8D870-2F74-40E3-A4F3-6BE445285892}.Debug|Any CPU.ActiveCfg = Debug|Any CPU
		{BAA8D870-2F74-40E3-A4F3-6BE445285892}.Debug|Any CPU.Build.0 = Debug|Any CPU
		{BAA8D870-2F74-40E3-A4F3-6BE445285892}.Release|Any CPU.ActiveCfg = Release|Any CPU
		{BAA8D870-2F74-40E3-A4F3-6BE445285892}.Release|Any CPU.Build.0 = Release|Any CPU
	EndGlobalSection
	GlobalSection(SolutionProperties) = preSolution
		HideSolutionNode = FALSE
	EndGlobalSection
	GlobalSection(ExtensibilityGlobals) = postSolution
		SolutionGuid = {36F98FAE-3682-4776-828B-DC7A9BC1F78C}
	EndGlobalSection
EndGlobal
